Microsoft Visual Studio Solution File, Format Version 12.00
# Visual Studio Version 17
VisualStudioVersion = 17.5.2.0
MinimumVisualStudioVersion = 10.0.40219.1
Project("{2150E333-8FDC-42A3-9474-1A3956D46DE8}") = "InternWay.API", "InternWay.API", "{9F54BAC8-2016-DBCD-16C7-B552C9846413}"
EndProject
Project("{FAE04EC0-301F-11D3-BF4B-00C04F79EFBC}") = "api", "InternWay.API\api\api.csproj", "{325F9859-777B-BEF5-D59D-CBDFA180E124}"
EndProject
Global
	GlobalSection(SolutionConfigurationPlatforms) = preSolution
		Debug|Any CPU = Debug|Any CPU
		Release|Any CPU = Release|Any CPU
	EndGlobalSection
	GlobalSection(ProjectConfigurationPlatforms) = postSolution
		{325F9859-777B-BEF5-D59D-CBDFA180E124}.Debug|Any CPU.ActiveCfg = Debug|Any CPU
		{325F9859-777B-BEF5-D59D-CBDFA180E124}.Debug|Any CPU.Build.0 = Debug|Any CPU
		{325F9859-777B-BEF5-D59D-CBDFA180E124}.Release|Any CPU.ActiveCfg = Release|Any CPU
		{325F9859-777B-BEF5-D59D-CBDFA180E124}.Release|Any CPU.Build.0 = Release|Any CPU
	EndGlobalSection
	GlobalSection(SolutionProperties) = preSolution
		HideSolutionNode = FALSE
	EndGlobalSection
	GlobalSection(NestedProjects) = preSolution
		{325F9859-777B-BEF5-D59D-CBDFA180E124} = {9F54BAC8-2016-DBCD-16C7-B552C9846413}
	EndGlobalSection
	GlobalSection(ExtensibilityGlobals) = postSolution
		SolutionGuid = {0C4407E4-AD67-4F4E-8EB4-152546595EA4}
	EndGlobalSection
EndGlobal
